
Microsoft Visual Studio Solution File, Format Version 12.00
# Visual Studio Version 17
VisualStudioVersion = 17.0.31903.59
MinimumVisualStudioVersion = 10.0.40219.1
Project("{2150E333-8FDC-42A3-9474-1A3956D46DE8}") = "BuildingBlocks", "BuildingBlocks", "{9405BB02-D79A-4A47-B73C-A4499C22F501}"
EndProject
Project("{9A19103F-16F7-4668-BE54-9A1E7A4F7556}") = "BuildingBlocks.Domain", "BuildingBlocks\BuildingBlocks.Domain\BuildingBlocks.Domain.csproj", "{CD7BE744-E845-4F46-891C-C6E26054E6ED}"
EndProject
Project("{9A19103F-16F7-4668-BE54-9A1E7A4F7556}") = "BuildingBlocks.Mongo", "BuildingBlocks\BuildingBlocks.Mongo\BuildingBlocks.Mongo.csproj", "{19A4E27D-29F7-4404-8C01-59F7A2CB6136}"
EndProject
Project("{2150E333-8FDC-42A3-9474-1A3956D46DE8}") = "Services", "Services", "{E1AB0EBE-AD0E-4372-BD02-41BDB8C12118}"
EndProject
Project("{2150E333-8FDC-42A3-9474-1A3956D46DE8}") = "CognitiveService", "CognitiveService", "{6A0BE38C-F659-4DEB-9743-0C3F7C6AF154}"
EndProject
Project("{2150E333-8FDC-42A3-9474-1A3956D46DE8}") = "StudioService", "StudioService", "{12F79FE0-6ED0-42BA-A378-428A9905BA74}"
EndProject
Project("{9A19103F-16F7-4668-BE54-9A1E7A4F7556}") = "BuildingBlocks.BlobStorage", "BuildingBlocks\BuildingBlocks.BlobStorage\BuildingBlocks.BlobStorage.csproj", "{A512AA82-B088-4F9E-B4D3-C1FEE65298A7}"
EndProject
Project("{9A19103F-16F7-4668-BE54-9A1E7A4F7556}") = "CognitiveService.Core", "Services\CognitivService\CognitiveService.Core\CognitiveService.Core.csproj", "{49238DBC-FFDC-494C-9793-C2B073390F86}"
EndProject
Project("{9A19103F-16F7-4668-BE54-9A1E7A4F7556}") = "CognitiveService.Infrastructure", "Services\CognitivService\CognitiveService.Infrastructure\CognitiveService.Infrastructure.csproj", "{D97BC566-33B3-41F2-B6F0-6A31F06A43B1}"
EndProject
Project("{9A19103F-16F7-4668-BE54-9A1E7A4F7556}") = "CognitiveService.Contracts", "Services\CognitivService\CognitiveService.Contracts\CognitiveService.Contracts.csproj", "{00BCD680-09D9-49B2-A39B-1D6D93829D1F}"
EndProject
Project("{9A19103F-16F7-4668-BE54-9A1E7A4F7556}") = "CognitiveService.Application", "Services\CognitivService\CognitiveService.Application\CognitiveService.Application.csproj", "{28F30D50-6F3B-4329-A3D5-A9B70DE9DB6A}"
EndProject
Project("{9A19103F-16F7-4668-BE54-9A1E7A4F7556}") = "CognitiveService.API", "Services\CognitivService\CognitiveService.API\CognitiveService.API.csproj", "{293A4A53-4989-4D80-97EC-1AAB1E20D5B7}"
EndProject
Project("{9A19103F-16F7-4668-BE54-9A1E7A4F7556}") = "StudioService.Core", "Services\StudioService\StudioService.Core\StudioService.Core.csproj", "{D4415573-1B60-4360-BD70-F15C90D749B4}"
EndProject
Project("{9A19103F-16F7-4668-BE54-9A1E7A4F7556}") = "StudioService.Contracts", "Services\StudioService\StudioService.Contracts\StudioService.Contracts.csproj", "{4C0A9B2D-A303-40E9-B6A3-FF831E4CE0A9}"
EndProject
Project("{9A19103F-16F7-4668-BE54-9A1E7A4F7556}") = "StudioService.Infrastructure", "Services\StudioService\StudioService.Infrastructure\StudioService.Infrastructure.csproj", "{548D1618-0E0F-4A88-8BA5-ADA8826B47F7}"
EndProject
Project("{9A19103F-16F7-4668-BE54-9A1E7A4F7556}") = "StudioService.Application", "Services\StudioService\StudioService.Application\StudioService.Application.csproj", "{643EA071-AF96-4C6C-BA38-9200E4BD5538}"
EndProject
Project("{9A19103F-16F7-4668-BE54-9A1E7A4F7556}") = "StudioService.API", "Services\StudioService\StudioService.API\StudioService.API.csproj", "{5AAC8CF4-0B80-4243-AB87-D9A9F2727328}"
EndProject
Project("{9A19103F-16F7-4668-BE54-9A1E7A4F7556}") = "BuildingBlocks.Cache", "BuildingBlocks\BuildingBlocks.Cache\BuildingBlocks.Cache.csproj", "{187D7642-DB6D-465B-BE04-F1A20657741C}"
EndProject
Project("{9A19103F-16F7-4668-BE54-9A1E7A4F7556}") = "BuildingBlocks.Extensions", "BuildingBlocks\BuildingBlocks.Extensions\BuildingBlocks.Extensions.csproj", "{7C5B3FB3-441C-49A1-AC7E-4E4C46F3DDE5}"
EndProject
Project("{2150E333-8FDC-42A3-9474-1A3956D46DE8}") = "WorkspaceService", "WorkspaceService", "{8C5A6BA5-278A-4CBD-AD18-29655AE1DC2D}"
EndProject
Project("{9A19103F-16F7-4668-BE54-9A1E7A4F7556}") = "WorkspaceService.API", "Services\WorkspaceService\WorkspaceService.API\WorkspaceService.API.csproj", "{6C863210-4FCC-4927-8529-C3E38FB30A9E}"
EndProject
Project("{9A19103F-16F7-4668-BE54-9A1E7A4F7556}") = "WorkspaceService.Contracts", "Services\WorkspaceService\WorkspaceService.Contracts\WorkspaceService.Contracts.csproj", "{C41ED2B0-A37C-40D2-96CC-CB2C14023C8D}"
EndProject
Project("{9A19103F-16F7-4668-BE54-9A1E7A4F7556}") = "WorkspaceService.Application", "Services\WorkspaceService\WorkspaceService.Application\WorkspaceService.Application.csproj", "{267E5511-2036-4580-9A05-77364827CC59}"
EndProject
Project("{9A19103F-16F7-4668-BE54-9A1E7A4F7556}") = "WorkspaceService.Core", "Services\WorkspaceService\WorkspaceService.Core\WorkspaceService.Core.csproj", "{CBDFD144-D66D-46CF-9F79-B915C6AA3E76}"
EndProject
Project("{9A19103F-16F7-4668-BE54-9A1E7A4F7556}") = "WorkspaceService.Infrastructure", "Services\WorkspaceService\WorkspaceService.Infrastructure\WorkspaceService.Infrastructure.csproj", "{6521BAFC-1677-40D1-9A61-4A339E7A006F}"
EndProject
Project("{2150E333-8FDC-42A3-9474-1A3956D46DE8}") = "IdentityService", "IdentityService", "{52E8238E-EDD0-4B9B-B1E9-312561D56510}"
EndProject
Project("{9A19103F-16F7-4668-BE54-9A1E7A4F7556}") = "IdentityService.API", "Services\IdentityService\IdentityService.API\IdentityService.API.csproj", "{3BF1585F-8ABE-4C0C-A1B0-F348D6E7F3B8}"
EndProject
Project("{9A19103F-16F7-4668-BE54-9A1E7A4F7556}") = "IdentityService.Contracts", "Services\IdentityService\IdentityService.Contracts\IdentityService.Contracts.csproj", "{61C9201B-0ACF-421E-91B2-993481FF1743}"
EndProject
Project("{9A19103F-16F7-4668-BE54-9A1E7A4F7556}") = "IdentityService.Core", "Services\IdentityService\IdentityService.Core\IdentityService.Core.csproj", "{D8F4FF72-3123-4D06-9836-90B7D79D51D1}"
EndProject
Project("{9A19103F-16F7-4668-BE54-9A1E7A4F7556}") = "IdentityService.Infrastructure", "Services\IdentityService\IdentityService.Infrastructure\IdentityService.Infrastructure.csproj", "{BCFA29BB-D2CB-4CE4-A040-2CBF3C8C02F0}"
EndProject
Project("{9A19103F-16F7-4668-BE54-9A1E7A4F7556}") = "IdentityService.Application", "Services\IdentityService\IdentityService.Application\IdentityService.Application.csproj", "{D771F908-5F03-4A4D-84A3-2DAA2D41A5A2}"
EndProject
Project("{9A19103F-16F7-4668-BE54-9A1E7A4F7556}") = "IdentityService.Funcions", "Services\IdentityService\IdentityService.Funcions\IdentityService.Funcions.csproj", "{25B3E1F3-6B77-4A57-8E8C-B5C6C8E547C6}"
EndProject
Project("{FAE04EC0-301F-11D3-BF4B-00C04F79EFBC}") = "BuildingBlocks.Authentication", "BuildingBlocks\BuildingBlocks.Authentication\BuildingBlocks.Authentication.csproj", "{7D8BC7A2-CB6B-4271-81D2-A24E78ECB9FC}"
EndProject
Global
	GlobalSection(SolutionConfigurationPlatforms) = preSolution
		Debug|Any CPU = Debug|Any CPU
		Release|Any CPU = Release|Any CPU
	EndGlobalSection
	GlobalSection(ProjectConfigurationPlatforms) = postSolution
		{CD7BE744-E845-4F46-891C-C6E26054E6ED}.Debug|Any CPU.ActiveCfg = Debug|Any CPU
		{CD7BE744-E845-4F46-891C-C6E26054E6ED}.Debug|Any CPU.Build.0 = Debug|Any CPU
		{CD7BE744-E845-4F46-891C-C6E26054E6ED}.Release|Any CPU.ActiveCfg = Release|Any CPU
		{CD7BE744-E845-4F46-891C-C6E26054E6ED}.Release|Any CPU.Build.0 = Release|Any CPU
		{19A4E27D-29F7-4404-8C01-59F7A2CB6136}.Debug|Any CPU.ActiveCfg = Debug|Any CPU
		{19A4E27D-29F7-4404-8C01-59F7A2CB6136}.Debug|Any CPU.Build.0 = Debug|Any CPU
		{19A4E27D-29F7-4404-8C01-59F7A2CB6136}.Release|Any CPU.ActiveCfg = Release|Any CPU
		{19A4E27D-29F7-4404-8C01-59F7A2CB6136}.Release|Any CPU.Build.0 = Release|Any CPU
		{A512AA82-B088-4F9E-B4D3-C1FEE65298A7}.Debug|Any CPU.ActiveCfg = Debug|Any CPU
		{A512AA82-B088-4F9E-B4D3-C1FEE65298A7}.Debug|Any CPU.Build.0 = Debug|Any CPU
		{A512AA82-B088-4F9E-B4D3-C1FEE65298A7}.Release|Any CPU.ActiveCfg = Release|Any CPU
		{A512AA82-B088-4F9E-B4D3-C1FEE65298A7}.Release|Any CPU.Build.0 = Release|Any CPU
		{49238DBC-FFDC-494C-9793-C2B073390F86}.Debug|Any CPU.ActiveCfg = Debug|Any CPU
		{49238DBC-FFDC-494C-9793-C2B073390F86}.Debug|Any CPU.Build.0 = Debug|Any CPU
		{49238DBC-FFDC-494C-9793-C2B073390F86}.Release|Any CPU.ActiveCfg = Release|Any CPU
		{49238DBC-FFDC-494C-9793-C2B073390F86}.Release|Any CPU.Build.0 = Release|Any CPU
		{D97BC566-33B3-41F2-B6F0-6A31F06A43B1}.Debug|Any CPU.ActiveCfg = Debug|Any CPU
		{D97BC566-33B3-41F2-B6F0-6A31F06A43B1}.Debug|Any CPU.Build.0 = Debug|Any CPU
		{D97BC566-33B3-41F2-B6F0-6A31F06A43B1}.Release|Any CPU.ActiveCfg = Release|Any CPU
		{D97BC566-33B3-41F2-B6F0-6A31F06A43B1}.Release|Any CPU.Build.0 = Release|Any CPU
		{00BCD680-09D9-49B2-A39B-1D6D93829D1F}.Debug|Any CPU.ActiveCfg = Debug|Any CPU
		{00BCD680-09D9-49B2-A39B-1D6D93829D1F}.Debug|Any CPU.Build.0 = Debug|Any CPU
		{00BCD680-09D9-49B2-A39B-1D6D93829D1F}.Release|Any CPU.ActiveCfg = Release|Any CPU
		{00BCD680-09D9-49B2-A39B-1D6D93829D1F}.Release|Any CPU.Build.0 = Release|Any CPU
		{28F30D50-6F3B-4329-A3D5-A9B70DE9DB6A}.Debug|Any CPU.ActiveCfg = Debug|Any CPU
		{28F30D50-6F3B-4329-A3D5-A9B70DE9DB6A}.Debug|Any CPU.Build.0 = Debug|Any CPU
		{28F30D50-6F3B-4329-A3D5-A9B70DE9DB6A}.Release|Any CPU.ActiveCfg = Release|Any CPU
		{28F30D50-6F3B-4329-A3D5-A9B70DE9DB6A}.Release|Any CPU.Build.0 = Release|Any CPU
		{293A4A53-4989-4D80-97EC-1AAB1E20D5B7}.Debug|Any CPU.ActiveCfg = Debug|Any CPU
		{293A4A53-4989-4D80-97EC-1AAB1E20D5B7}.Debug|Any CPU.Build.0 = Debug|Any CPU
		{293A4A53-4989-4D80-97EC-1AAB1E20D5B7}.Release|Any CPU.ActiveCfg = Release|Any CPU
		{293A4A53-4989-4D80-97EC-1AAB1E20D5B7}.Release|Any CPU.Build.0 = Release|Any CPU
		{D4415573-1B60-4360-BD70-F15C90D749B4}.Debug|Any CPU.ActiveCfg = Debug|Any CPU
		{D4415573-1B60-4360-BD70-F15C90D749B4}.Debug|Any CPU.Build.0 = Debug|Any CPU
		{D4415573-1B60-4360-BD70-F15C90D749B4}.Release|Any CPU.ActiveCfg = Release|Any CPU
		{D4415573-1B60-4360-BD70-F15C90D749B4}.Release|Any CPU.Build.0 = Release|Any CPU
		{4C0A9B2D-A303-40E9-B6A3-FF831E4CE0A9}.Debug|Any CPU.ActiveCfg = Debug|Any CPU
		{4C0A9B2D-A303-40E9-B6A3-FF831E4CE0A9}.Debug|Any CPU.Build.0 = Debug|Any CPU
		{4C0A9B2D-A303-40E9-B6A3-FF831E4CE0A9}.Release|Any CPU.ActiveCfg = Release|Any CPU
		{4C0A9B2D-A303-40E9-B6A3-FF831E4CE0A9}.Release|Any CPU.Build.0 = Release|Any CPU
		{548D1618-0E0F-4A88-8BA5-ADA8826B47F7}.Debug|Any CPU.ActiveCfg = Debug|Any CPU
		{548D1618-0E0F-4A88-8BA5-ADA8826B47F7}.Debug|Any CPU.Build.0 = Debug|Any CPU
		{548D1618-0E0F-4A88-8BA5-ADA8826B47F7}.Release|Any CPU.ActiveCfg = Release|Any CPU
		{548D1618-0E0F-4A88-8BA5-ADA8826B47F7}.Release|Any CPU.Build.0 = Release|Any CPU
		{643EA071-AF96-4C6C-BA38-9200E4BD5538}.Debug|Any CPU.ActiveCfg = Debug|Any CPU
		{643EA071-AF96-4C6C-BA38-9200E4BD5538}.Debug|Any CPU.Build.0 = Debug|Any CPU
		{643EA071-AF96-4C6C-BA38-9200E4BD5538}.Release|Any CPU.ActiveCfg = Release|Any CPU
		{643EA071-AF96-4C6C-BA38-9200E4BD5538}.Release|Any CPU.Build.0 = Release|Any CPU
		{5AAC8CF4-0B80-4243-AB87-D9A9F2727328}.Debug|Any CPU.ActiveCfg = Debug|Any CPU
		{5AAC8CF4-0B80-4243-AB87-D9A9F2727328}.Debug|Any CPU.Build.0 = Debug|Any CPU
		{5AAC8CF4-0B80-4243-AB87-D9A9F2727328}.Release|Any CPU.ActiveCfg = Release|Any CPU
		{5AAC8CF4-0B80-4243-AB87-D9A9F2727328}.Release|Any CPU.Build.0 = Release|Any CPU
		{187D7642-DB6D-465B-BE04-F1A20657741C}.Debug|Any CPU.ActiveCfg = Debug|Any CPU
		{187D7642-DB6D-465B-BE04-F1A20657741C}.Debug|Any CPU.Build.0 = Debug|Any CPU
		{187D7642-DB6D-465B-BE04-F1A20657741C}.Release|Any CPU.ActiveCfg = Release|Any CPU
		{187D7642-DB6D-465B-BE04-F1A20657741C}.Release|Any CPU.Build.0 = Release|Any CPU
		{7C5B3FB3-441C-49A1-AC7E-4E4C46F3DDE5}.Debug|Any CPU.ActiveCfg = Debug|Any CPU
		{7C5B3FB3-441C-49A1-AC7E-4E4C46F3DDE5}.Debug|Any CPU.Build.0 = Debug|Any CPU
		{7C5B3FB3-441C-49A1-AC7E-4E4C46F3DDE5}.Release|Any CPU.ActiveCfg = Release|Any CPU
		{7C5B3FB3-441C-49A1-AC7E-4E4C46F3DDE5}.Release|Any CPU.Build.0 = Release|Any CPU
		{6C863210-4FCC-4927-8529-C3E38FB30A9E}.Debug|Any CPU.ActiveCfg = Debug|Any CPU
		{6C863210-4FCC-4927-8529-C3E38FB30A9E}.Debug|Any CPU.Build.0 = Debug|Any CPU
		{6C863210-4FCC-4927-8529-C3E38FB30A9E}.Release|Any CPU.ActiveCfg = Release|Any CPU
		{6C863210-4FCC-4927-8529-C3E38FB30A9E}.Release|Any CPU.Build.0 = Release|Any CPU
		{C41ED2B0-A37C-40D2-96CC-CB2C14023C8D}.Debug|Any CPU.ActiveCfg = Debug|Any CPU
		{C41ED2B0-A37C-40D2-96CC-CB2C14023C8D}.Debug|Any CPU.Build.0 = Debug|Any CPU
		{C41ED2B0-A37C-40D2-96CC-CB2C14023C8D}.Release|Any CPU.ActiveCfg = Release|Any CPU
		{C41ED2B0-A37C-40D2-96CC-CB2C14023C8D}.Release|Any CPU.Build.0 = Release|Any CPU
		{267E5511-2036-4580-9A05-77364827CC59}.Debug|Any CPU.ActiveCfg = Debug|Any CPU
		{267E5511-2036-4580-9A05-77364827CC59}.Debug|Any CPU.Build.0 = Debug|Any CPU
		{267E5511-2036-4580-9A05-77364827CC59}.Release|Any CPU.ActiveCfg = Release|Any CPU
		{267E5511-2036-4580-9A05-77364827CC59}.Release|Any CPU.Build.0 = Release|Any CPU
		{CBDFD144-D66D-46CF-9F79-B915C6AA3E76}.Debug|Any CPU.ActiveCfg = Debug|Any CPU
		{CBDFD144-D66D-46CF-9F79-B915C6AA3E76}.Debug|Any CPU.Build.0 = Debug|Any CPU
		{CBDFD144-D66D-46CF-9F79-B915C6AA3E76}.Release|Any CPU.ActiveCfg = Release|Any CPU
		{CBDFD144-D66D-46CF-9F79-B915C6AA3E76}.Release|Any CPU.Build.0 = Release|Any CPU
		{6521BAFC-1677-40D1-9A61-4A339E7A006F}.Debug|Any CPU.ActiveCfg = Debug|Any CPU
		{6521BAFC-1677-40D1-9A61-4A339E7A006F}.Debug|Any CPU.Build.0 = Debug|Any CPU
		{6521BAFC-1677-40D1-9A61-4A339E7A006F}.Release|Any CPU.ActiveCfg = Release|Any CPU
		{6521BAFC-1677-40D1-9A61-4A339E7A006F}.Release|Any CPU.Build.0 = Release|Any CPU
		{3BF1585F-8ABE-4C0C-A1B0-F348D6E7F3B8}.Debug|Any CPU.ActiveCfg = Debug|Any CPU
		{3BF1585F-8ABE-4C0C-A1B0-F348D6E7F3B8}.Debug|Any CPU.Build.0 = Debug|Any CPU
		{3BF1585F-8ABE-4C0C-A1B0-F348D6E7F3B8}.Release|Any CPU.ActiveCfg = Release|Any CPU
		{3BF1585F-8ABE-4C0C-A1B0-F348D6E7F3B8}.Release|Any CPU.Build.0 = Release|Any CPU
		{61C9201B-0ACF-421E-91B2-993481FF1743}.Debug|Any CPU.ActiveCfg = Debug|Any CPU
		{61C9201B-0ACF-421E-91B2-993481FF1743}.Debug|Any CPU.Build.0 = Debug|Any CPU
		{61C9201B-0ACF-421E-91B2-993481FF1743}.Release|Any CPU.ActiveCfg = Release|Any CPU
		{61C9201B-0ACF-421E-91B2-993481FF1743}.Release|Any CPU.Build.0 = Release|Any CPU
		{D8F4FF72-3123-4D06-9836-90B7D79D51D1}.Debug|Any CPU.ActiveCfg = Debug|Any CPU
		{D8F4FF72-3123-4D06-9836-90B7D79D51D1}.Debug|Any CPU.Build.0 = Debug|Any CPU
		{D8F4FF72-3123-4D06-9836-90B7D79D51D1}.Release|Any CPU.ActiveCfg = Release|Any CPU
		{D8F4FF72-3123-4D06-9836-90B7D79D51D1}.Release|Any CPU.Build.0 = Release|Any CPU
		{BCFA29BB-D2CB-4CE4-A040-2CBF3C8C02F0}.Debug|Any CPU.ActiveCfg = Debug|Any CPU
		{BCFA29BB-D2CB-4CE4-A040-2CBF3C8C02F0}.Debug|Any CPU.Build.0 = Debug|Any CPU
		{BCFA29BB-D2CB-4CE4-A040-2CBF3C8C02F0}.Release|Any CPU.ActiveCfg = Release|Any CPU
		{BCFA29BB-D2CB-4CE4-A040-2CBF3C8C02F0}.Release|Any CPU.Build.0 = Release|Any CPU
		{D771F908-5F03-4A4D-84A3-2DAA2D41A5A2}.Debug|Any CPU.ActiveCfg = Debug|Any CPU
		{D771F908-5F03-4A4D-84A3-2DAA2D41A5A2}.Debug|Any CPU.Build.0 = Debug|Any CPU
		{D771F908-5F03-4A4D-84A3-2DAA2D41A5A2}.Release|Any CPU.ActiveCfg = Release|Any CPU
		{D771F908-5F03-4A4D-84A3-2DAA2D41A5A2}.Release|Any CPU.Build.0 = Release|Any CPU
		{25B3E1F3-6B77-4A57-8E8C-B5C6C8E547C6}.Debug|Any CPU.ActiveCfg = Debug|Any CPU
		{25B3E1F3-6B77-4A57-8E8C-B5C6C8E547C6}.Debug|Any CPU.Build.0 = Debug|Any CPU
		{25B3E1F3-6B77-4A57-8E8C-B5C6C8E547C6}.Release|Any CPU.ActiveCfg = Release|Any CPU
		{25B3E1F3-6B77-4A57-8E8C-B5C6C8E547C6}.Release|Any CPU.Build.0 = Release|Any CPU
		{7D8BC7A2-CB6B-4271-81D2-A24E78ECB9FC}.Debug|Any CPU.ActiveCfg = Debug|Any CPU
		{7D8BC7A2-CB6B-4271-81D2-A24E78ECB9FC}.Debug|Any CPU.Build.0 = Debug|Any CPU
		{7D8BC7A2-CB6B-4271-81D2-A24E78ECB9FC}.Release|Any CPU.ActiveCfg = Release|Any CPU
		{7D8BC7A2-CB6B-4271-81D2-A24E78ECB9FC}.Release|Any CPU.Build.0 = Release|Any CPU
	EndGlobalSection
	GlobalSection(SolutionProperties) = preSolution
		HideSolutionNode = FALSE
	EndGlobalSection
	GlobalSection(NestedProjects) = preSolution
		{CD7BE744-E845-4F46-891C-C6E26054E6ED} = {9405BB02-D79A-4A47-B73C-A4499C22F501}
		{19A4E27D-29F7-4404-8C01-59F7A2CB6136} = {9405BB02-D79A-4A47-B73C-A4499C22F501}
		{6A0BE38C-F659-4DEB-9743-0C3F7C6AF154} = {E1AB0EBE-AD0E-4372-BD02-41BDB8C12118}
		{12F79FE0-6ED0-42BA-A378-428A9905BA74} = {E1AB0EBE-AD0E-4372-BD02-41BDB8C12118}
		{A512AA82-B088-4F9E-B4D3-C1FEE65298A7} = {9405BB02-D79A-4A47-B73C-A4499C22F501}
		{49238DBC-FFDC-494C-9793-C2B073390F86} = {6A0BE38C-F659-4DEB-9743-0C3F7C6AF154}
		{D97BC566-33B3-41F2-B6F0-6A31F06A43B1} = {6A0BE38C-F659-4DEB-9743-0C3F7C6AF154}
		{00BCD680-09D9-49B2-A39B-1D6D93829D1F} = {6A0BE38C-F659-4DEB-9743-0C3F7C6AF154}
		{28F30D50-6F3B-4329-A3D5-A9B70DE9DB6A} = {6A0BE38C-F659-4DEB-9743-0C3F7C6AF154}
		{293A4A53-4989-4D80-97EC-1AAB1E20D5B7} = {6A0BE38C-F659-4DEB-9743-0C3F7C6AF154}
		{D4415573-1B60-4360-BD70-F15C90D749B4} = {12F79FE0-6ED0-42BA-A378-428A9905BA74}
		{4C0A9B2D-A303-40E9-B6A3-FF831E4CE0A9} = {12F79FE0-6ED0-42BA-A378-428A9905BA74}
		{548D1618-0E0F-4A88-8BA5-ADA8826B47F7} = {12F79FE0-6ED0-42BA-A378-428A9905BA74}
		{643EA071-AF96-4C6C-BA38-9200E4BD5538} = {12F79FE0-6ED0-42BA-A378-428A9905BA74}
		{5AAC8CF4-0B80-4243-AB87-D9A9F2727328} = {12F79FE0-6ED0-42BA-A378-428A9905BA74}
		{187D7642-DB6D-465B-BE04-F1A20657741C} = {9405BB02-D79A-4A47-B73C-A4499C22F501}
		{7C5B3FB3-441C-49A1-AC7E-4E4C46F3DDE5} = {9405BB02-D79A-4A47-B73C-A4499C22F501}
		{8C5A6BA5-278A-4CBD-AD18-29655AE1DC2D} = {E1AB0EBE-AD0E-4372-BD02-41BDB8C12118}
		{6C863210-4FCC-4927-8529-C3E38FB30A9E} = {8C5A6BA5-278A-4CBD-AD18-29655AE1DC2D}
		{C41ED2B0-A37C-40D2-96CC-CB2C14023C8D} = {8C5A6BA5-278A-4CBD-AD18-29655AE1DC2D}
		{267E5511-2036-4580-9A05-77364827CC59} = {8C5A6BA5-278A-4CBD-AD18-29655AE1DC2D}
		{CBDFD144-D66D-46CF-9F79-B915C6AA3E76} = {8C5A6BA5-278A-4CBD-AD18-29655AE1DC2D}
		{6521BAFC-1677-40D1-9A61-4A339E7A006F} = {8C5A6BA5-278A-4CBD-AD18-29655AE1DC2D}
		{52E8238E-EDD0-4B9B-B1E9-312561D56510} = {E1AB0EBE-AD0E-4372-BD02-41BDB8C12118}
		{3BF1585F-8ABE-4C0C-A1B0-F348D6E7F3B8} = {52E8238E-EDD0-4B9B-B1E9-312561D56510}
		{61C9201B-0ACF-421E-91B2-993481FF1743} = {52E8238E-EDD0-4B9B-B1E9-312561D56510}
		{D8F4FF72-3123-4D06-9836-90B7D79D51D1} = {52E8238E-EDD0-4B9B-B1E9-312561D56510}
		{BCFA29BB-D2CB-4CE4-A040-2CBF3C8C02F0} = {52E8238E-EDD0-4B9B-B1E9-312561D56510}
		{D771F908-5F03-4A4D-84A3-2DAA2D41A5A2} = {52E8238E-EDD0-4B9B-B1E9-312561D56510}
		{25B3E1F3-6B77-4A57-8E8C-B5C6C8E547C6} = {52E8238E-EDD0-4B9B-B1E9-312561D56510}
		{7D8BC7A2-CB6B-4271-81D2-A24E78ECB9FC} = {9405BB02-D79A-4A47-B73C-A4499C22F501}
	EndGlobalSection
	GlobalSection(ExtensibilityGlobals) = postSolution
		SolutionGuid = {C4E465D3-0182-44EF-8BB3-C2BDE9C527A9}
	EndGlobalSection
EndGlobal
